{
  "name": "gartic-robot",
  "version": "1.0.0",
  "lockfileVersion": 1,
  "requires": true,
  "dependencies": {
    "@types/color-name": {
      "version": "1.1.1",
      "resolved": "https://registry.npmjs.org/@types/color-name/-/color-name-1.1.1.tgz",
      "integrity": "sha512-rr+OQyAjxze7GgWrSaJwydHStIhHq2lvY3BOC2Mj7KnzI7XK0Uw1TOOdI9lDoajEbSWLiYgoo4f1R51erQfhPQ=="
    },
    "after": {
      "version": "0.8.2",
      "resolved": "https://registry.npmjs.org/after/-/after-0.8.2.tgz",
      "integrity": "sha1-/ts5T58OAqqXaOcCvaI7UF+ufh8="
    },
    "ansi-escapes": {
      "version": "4.3.1",
      "resolved": "https://registry.npmjs.org/ansi-escapes/-/ansi-escapes-4.3.1.tgz",
      "integrity": "sha512-JWF7ocqNrp8u9oqpgV+wH5ftbt+cfvv+PTjOvKLT3AdYly/LmORARfEVT1iyjwN+4MqE5UmVKoAdIBqeoCHgLA==",
      "requires": {
        "type-fest": "^0.11.0"
      }
    },
    "ansi-regex": {
      "version": "5.0.0",
      "resolved": "https://registry.npmjs.org/ansi-regex/-/ansi-regex-5.0.0.tgz",
      "integrity": "sha512-bY6fj56OUQ0hU1KjFNDQuJFezqKdrAyFdIevADiqrWHwSlbmBNMHp5ak2f40Pm8JTFyM2mqxkG6ngkHO11f/lg=="
    },
    "ansi-styles": {
      "version": "4.2.1",
      "resolved": "https://registry.npmjs.org/ansi-styles/-/ansi-styles-4.2.1.tgz",
      "integrity": "sha512-9VGjrMsG1vePxcSweQsN20KY/c4zN0h9fLjqAbwbPfahM3t+NL+M9HC8xeXG2I8pX5NoamTGNuomEUFI7fcUjA==",
      "requires": {
        "@types/color-name": "^1.1.1",
        "color-convert": "^2.0.1"
      }
    },
    "arraybuffer.slice": {
      "version": "0.0.7",
      "resolved": "https://registry.npmjs.org/arraybuffer.slice/-/arraybuffer.slice-0.0.7.tgz",
      "integrity": "sha512-wGUIVQXuehL5TCqQun8OW81jGzAWycqzFF8lFp+GOM5BXLYj3bKNsYC4daB7n6XjCqxQA/qgTJ+8ANR3acjrog=="
    },
    "async-limiter": {
      "version": "1.0.1",
      "resolved": "https://registry.npmjs.org/async-limiter/-/async-limiter-1.0.1.tgz",
      "integrity": "sha512-csOlWGAcRFJaI6m+F2WKdnMKr4HhdhFVBk0H/QbJFMCr+uO2kwohwXQPxw/9OCxp05r5ghVBFSyioixx3gfkNQ=="
    },
    "axios": {
      "version": "0.20.0",
      "resolved": "https://registry.npmjs.org/axios/-/axios-0.20.0.tgz",
      "integrity": "sha512-ANA4rr2BDcmmAQLOKft2fufrtuvlqR+cXNNinUmvfeSNCOF98PZL+7M/v1zIdGo7OLjEA9J2gXJL+j4zGsl0bA==",
      "requires": {
        "follow-redirects": "^1.10.0"
      }
    },
    "backo2": {
      "version": "1.0.2",
      "resolved": "https://registry.npmjs.org/backo2/-/backo2-1.0.2.tgz",
      "integrity": "sha1-MasayLEpNjRj41s+u2n038+6eUc="
    },
    "base64-arraybuffer": {
      "version": "0.1.5",
      "resolved": "https://registry.npmjs.org/base64-arraybuffer/-/base64-arraybuffer-0.1.5.tgz",
      "integrity": "sha1-c5JncZI7Whl0etZmqlzUv5xunOg="
    },
    "better-assert": {
      "version": "1.0.2",
      "resolved": "https://registry.npmjs.org/better-assert/-/better-assert-1.0.2.tgz",
      "integrity": "sha1-QIZrnhueC1W0gYlDEeaPr/rrxSI=",
      "requires": {
        "callsite": "1.0.0"
      }
    },
    "blob": {
      "version": "0.0.5",
      "resolved": "https://registry.npmjs.org/blob/-/blob-0.0.5.tgz",
      "integrity": "sha512-gaqbzQPqOoamawKg0LGVd7SzLgXS+JH61oWprSLH+P+abTczqJbhTR8CmJ2u9/bUYNmHTGJx/UEmn6doAvvuig=="
    },
    "callsite": {
      "version": "1.0.0",
      "resolved": "https://registry.npmjs.org/callsite/-/callsite-1.0.0.tgz",
      "integrity": "sha1-KAOY5dZkvXQDi28JBRU+borxvCA="
    },
    "chalk": {
      "version": "4.1.0",
      "resolved": "https://registry.npmjs.org/chalk/-/chalk-4.1.0.tgz",
      "integrity": "sha512-qwx12AxXe2Q5xQ43Ac//I6v5aXTipYrSESdOgzrN+9XjgEpyjpKuvSGaN4qE93f7TQTlerQQ8S+EQ0EyDoVL1A==",
      "requires": {
        "ansi-styles": "^4.1.0",
        "supports-color": "^7.1.0"
      }
    },
    "chardet": {
      "version": "0.7.0",
      "resolved": "https://registry.npmjs.org/chardet/-/chardet-0.7.0.tgz",
      "integrity": "sha512-mT8iDcrh03qDGRRmoA2hmBJnxpllMR+0/0qlzjqZES6NdiWDcZkCNAk4rPFZ9Q85r27unkiNNg8ZOiwZXBHwcA=="
    },
    "cli-cursor": {
      "version": "3.1.0",
      "resolved": "https://registry.npmjs.org/cli-cursor/-/cli-cursor-3.1.0.tgz",
      "integrity": "sha512-I/zHAwsKf9FqGoXM4WWRACob9+SNukZTd94DWF57E4toouRulbCxcUh6RKUEOQlYTHJnzkPMySvPNaaSLNfLZw==",
      "requires": {
        "restore-cursor": "^3.1.0"
      }
    },
    "cli-width": {
      "version": "3.0.0",
      "resolved": "https://registry.npmjs.org/cli-width/-/cli-width-3.0.0.tgz",
      "integrity": "sha512-FxqpkPPwu1HjuN93Omfm4h8uIanXofW0RxVEW3k5RKx+mJJYSthzNhp32Kzxxy3YAEZ/Dc/EWN1vZRY0+kOhbw=="
    },
    "color-convert": {
      "version": "2.0.1",
      "resolved": "https://registry.npmjs.org/color-convert/-/color-convert-2.0.1.tgz",
      "integrity": "sha512-RRECPsj7iu/xb5oKYcsFHSppFNnsj/52OVTRKb4zP5onXwVF3zVmmToNcOfGC+CRDpfK/U584fMg38ZHCaElKQ==",
      "requires": {
        "color-name": "~1.1.4"
      }
    },
    "color-name": {
      "version": "1.1.4",
      "resolved": "https://registry.npmjs.org/color-name/-/color-name-1.1.4.tgz",
      "integrity": "sha512-dOy+3AuW3a2wNbZHIuMZpTcgjGuLU/uBL/ubcZF9OXbDo8ff4O8yVp5Bf0efS8uEoYo5q4Fx7dY9OgQGXgAsQA=="
    },
    "component-bind": {
      "version": "1.0.0",
      "resolved": "https://registry.npmjs.org/component-bind/-/component-bind-1.0.0.tgz",
      "integrity": "sha1-AMYIq33Nk4l8AAllGx06jh5zu9E="
    },
    "component-emitter": {
      "version": "1.2.1",
      "resolved": "https://registry.npmjs.org/component-emitter/-/component-emitter-1.2.1.tgz",
      "integrity": "sha1-E3kY1teCg/ffemt8WmPhQOaUJeY="
    },
    "component-inherit": {
      "version": "0.0.3",
      "resolved": "https://registry.npmjs.org/component-inherit/-/component-inherit-0.0.3.tgz",
      "integrity": "sha1-ZF/ErfWLcrZJ1crmUTVhnbJv8UM="
    },
    "d": {
      "version": "1.0.1",
      "resolved": "https://registry.npmjs.org/d/-/d-1.0.1.tgz",
      "integrity": "sha512-m62ShEObQ39CfralilEQRjH6oAMtNCV1xJyEx5LpRYUVN+EviphDgUc/F3hnYbADmkiNs67Y+3ylmlG7Lnu+FA==",
      "requires": {
        "es5-ext": "^0.10.50",
        "type": "^1.0.1"
      }
    },
    "debug": {
      "version": "3.1.0",
      "resolved": "https://registry.npmjs.org/debug/-/debug-3.1.0.tgz",
      "integrity": "sha512-OX8XqP7/1a9cqkxYw2yXss15f26NKWBpDXQd0/uK/KPqdQhxbPa994hnzjcE2VqQpDslf55723cKPUOGSmMY3g==",
      "requires": {
        "ms": "2.0.0"
      }
    },
    "emoji-regex": {
      "version": "8.0.0",
      "resolved": "https://registry.npmjs.org/emoji-regex/-/emoji-regex-8.0.0.tgz",
      "integrity": "sha512-MSjYzcWNOA0ewAHpz0MxpYFvwg6yjy1NG3xteoqz644VCo/RPgnr1/GGt+ic3iJTzQ8Eu3TdM14SawnVUmGE6A=="
    },
    "engine.io-client": {
      "version": "3.4.1",
      "resolved": "https://registry.npmjs.org/engine.io-client/-/engine.io-client-3.4.1.tgz",
      "integrity": "sha512-RJNmA+A9Js+8Aoq815xpGAsgWH1VoSYM//2VgIiu9lNOaHFfLpTjH4tOzktBpjIs5lvOfiNY1dwf+NuU6D38Mw==",
      "requires": {
        "component-emitter": "1.2.1",
        "component-inherit": "0.0.3",
        "debug": "~4.1.0",
        "engine.io-parser": "~2.2.0",
        "has-cors": "1.1.0",
        "indexof": "0.0.1",
        "parseqs": "0.0.5",
        "parseuri": "0.0.5",
        "ws": "~6.1.0",
        "xmlhttprequest-ssl": "~1.5.4",
        "yeast": "0.1.2"
      },
      "dependencies": {
        "debug": {
          "version": "4.1.1",
          "resolved": "https://registry.npmjs.org/debug/-/debug-4.1.1.tgz",
          "integrity": "sha512-pYAIzeRo8J6KPEaJ0VWOh5Pzkbw/RetuzehGM7QRRX5he4fPHx2rdKMB256ehJCkX+XRQm16eZLqLNS8RSZXZw==",
          "requires": {
            "ms": "^2.1.1"
          }
        },
        "ms": {
          "version": "2.1.2",
          "resolved": "https://registry.npmjs.org/ms/-/ms-2.1.2.tgz",
          "integrity": "sha512-sGkPx+VjMtmA6MX27oA4FBFELFCZZ4S4XqeGOXCv68tT+jb3vk/RyaKWP0PTKyWtmLSM0b+adUTEvbs1PEaH2w=="
        }
      }
    },
    "engine.io-parser": {
      "version": "2.2.0",
      "resolved": "https://registry.npmjs.org/engine.io-parser/-/engine.io-parser-2.2.0.tgz",
      "integrity": "sha512-6I3qD9iUxotsC5HEMuuGsKA0cXerGz+4uGcXQEkfBidgKf0amsjrrtwcbwK/nzpZBxclXlV7gGl9dgWvu4LF6w==",
      "requires": {
        "after": "0.8.2",
        "arraybuffer.slice": "~0.0.7",
        "base64-arraybuffer": "0.1.5",
        "blob": "0.0.5",
        "has-binary2": "~1.0.2"
      }
    },
    "es5-ext": {
      "version": "0.10.53",
      "resolved": "https://registry.npmjs.org/es5-ext/-/es5-ext-0.10.53.tgz",
      "integrity": "sha512-Xs2Stw6NiNHWypzRTY1MtaG/uJlwCk8kH81920ma8mvN8Xq1gsfhZvpkImLQArw8AHnv8MT2I45J3c0R8slE+Q==",
      "requires": {
        "es6-iterator": "~2.0.3",
        "es6-symbol": "~3.1.3",
        "next-tick": "~1.0.0"
      }
    },
    "es6-iterator": {
      "version": "2.0.3",
      "resolved": "https://registry.npmjs.org/es6-iterator/-/es6-iterator-2.0.3.tgz",
      "integrity": "sha1-p96IkUGgWpSwhUQDstCg+/qY87c=",
      "requires": {
        "d": "1",
        "es5-ext": "^0.10.35",
        "es6-symbol": "^3.1.1"
      }
    },
    "es6-symbol": {
      "version": "3.1.3",
      "resolved": "https://registry.npmjs.org/es6-symbol/-/es6-symbol-3.1.3.tgz",
      "integrity": "sha512-NJ6Yn3FuDinBaBRWl/q5X/s4koRHBrgKAu+yGI6JCBeiu3qrcbJhwT2GeR/EXVfylRk8dpQVJoLEFhK+Mu31NA==",
      "requires": {
        "d": "^1.0.1",
        "ext": "^1.1.2"
      }
    },
    "escape-string-regexp": {
      "version": "1.0.5",
      "resolved": "https://registry.npmjs.org/escape-string-regexp/-/escape-string-regexp-1.0.5.tgz",
      "integrity": "sha1-G2HAViGQqN/2rjuyzwIAyhMLhtQ="
    },
    "ext": {
      "version": "1.4.0",
      "resolved": "https://registry.npmjs.org/ext/-/ext-1.4.0.tgz",
      "integrity": "sha512-Key5NIsUxdqKg3vIsdw9dSuXpPCQ297y6wBjL30edxwPgt2E44WcWBZey/ZvUc6sERLTxKdyCu4gZFmUbk1Q7A==",
      "requires": {
        "type": "^2.0.0"
      },
      "dependencies": {
        "type": {
          "version": "2.0.0",
          "resolved": "https://registry.npmjs.org/type/-/type-2.0.0.tgz",
          "integrity": "sha512-KBt58xCHry4Cejnc2ISQAF7QY+ORngsWfxezO68+12hKV6lQY8P/psIkcbjeHWn7MqcgciWJyCCevFMJdIXpow=="
        }
      }
    },
    "external-editor": {
      "version": "3.1.0",
      "resolved": "https://registry.npmjs.org/external-editor/-/external-editor-3.1.0.tgz",
      "integrity": "sha512-hMQ4CX1p1izmuLYyZqLMO/qGNw10wSv9QDCPfzXfyFrOaCSSoRfqE1Kf1s5an66J5JZC62NewG+mK49jOCtQew==",
      "requires": {
        "chardet": "^0.7.0",
        "iconv-lite": "^0.4.24",
        "tmp": "^0.0.33"
      }
    },
    "figures": {
      "version": "3.2.0",
      "resolved": "https://registry.npmjs.org/figures/-/figures-3.2.0.tgz",
      "integrity": "sha512-yaduQFRKLXYOGgEn6AZau90j3ggSOyiqXU0F9JZfeXYhNa+Jk4X+s45A2zg5jns87GAFa34BBm2kXw4XpNcbdg==",
      "requires": {
        "escape-string-regexp": "^1.0.5"
      }
    },
    "follow-redirects": {
      "version": "1.13.0",
      "resolved": "https://registry.npmjs.org/follow-redirects/-/follow-redirects-1.13.0.tgz",
      "integrity": "sha512-aq6gF1BEKje4a9i9+5jimNFIpq4Q1WiwBToeRK5NvZBd/TRsmW8BsJfOEGkr76TbOyPVD3OVDN910EcUNtRYEA=="
    },
    "has-binary2": {
      "version": "1.0.3",
      "resolved": "https://registry.npmjs.org/has-binary2/-/has-binary2-1.0.3.tgz",
      "integrity": "sha512-G1LWKhDSvhGeAQ8mPVQlqNcOB2sJdwATtZKl2pDKKHfpf/rYj24lkinxf69blJbnsvtqqNU+L3SL50vzZhXOnw==",
      "requires": {
        "isarray": "2.0.1"
      }
    },
    "has-cors": {
      "version": "1.1.0",
      "resolved": "https://registry.npmjs.org/has-cors/-/has-cors-1.1.0.tgz",
      "integrity": "sha1-XkdHk/fqmEPRu5nCPu9J/xJv/zk="
    },
    "has-flag": {
      "version": "4.0.0",
      "resolved": "https://registry.npmjs.org/has-flag/-/has-flag-4.0.0.tgz",
      "integrity": "sha512-EykJT/Q1KjTWctppgIAgfSO0tKVuZUjhgMr17kqTumMl6Afv3EISleU7qZUzoXDFTAHTDC4NOoG/ZxU3EvlMPQ=="
    },
    "iconv-lite": {
      "version": "0.4.24",
      "resolved": "https://registry.npmjs.org/iconv-lite/-/iconv-lite-0.4.24.tgz",
      "integrity": "sha512-v3MXnZAcvnywkTUEZomIActle7RXXeedOR31wwl7VlyoXO4Qi9arvSenNQWne1TcRwhCL1HwLI21bEqdpj8/rA==",
      "requires": {
        "safer-buffer": ">= 2.1.2 < 3"
      }
    },
    "indexof": {
      "version": "0.0.1",
      "resolved": "https://registry.npmjs.org/indexof/-/indexof-0.0.1.tgz",
      "integrity": "sha1-gtwzbSMrkGIXnQWrMpOmYFn9Q10="
    },
    "inquirer": {
      "version": "7.3.3",
      "resolved": "https://registry.npmjs.org/inquirer/-/inquirer-7.3.3.tgz",
      "integrity": "sha512-JG3eIAj5V9CwcGvuOmoo6LB9kbAYT8HXffUl6memuszlwDC/qvFAJw49XJ5NROSFNPxp3iQg1GqkFhaY/CR0IA==",
      "requires": {
        "ansi-escapes": "^4.2.1",
        "chalk": "^4.1.0",
        "cli-cursor": "^3.1.0",
        "cli-width": "^3.0.0",
        "external-editor": "^3.0.3",
        "figures": "^3.0.0",
        "lodash": "^4.17.19",
        "mute-stream": "0.0.8",
        "run-async": "^2.4.0",
        "rxjs": "^6.6.0",
        "string-width": "^4.1.0",
        "strip-ansi": "^6.0.0",
        "through": "^2.3.6"
      }
    },
    "is-fullwidth-code-point": {
      "version": "3.0.0",
      "resolved": "https://registry.npmjs.org/is-fullwidth-code-point/-/is-fullwidth-code-point-3.0.0.tgz",
      "integrity": "sha512-zymm5+u+sCsSWyD9qNaejV3DFvhCKclKdizYaJUuHA83RLjb7nSuGnddCHGv0hk+KY7BMAlsWeK4Ueg6EV6XQg=="
    },
    "is-typedarray": {
      "version": "1.0.0",
      "resolved": "https://registry.npmjs.org/is-typedarray/-/is-typedarray-1.0.0.tgz",
      "integrity": "sha1-5HnICFjfDBsR3dppQPlgEfzaSpo="
    },
    "isarray": {
      "version": "2.0.1",
      "resolved": "https://registry.npmjs.org/isarray/-/isarray-2.0.1.tgz",
      "integrity": "sha1-o32U7ZzaLVmGXJ92/llu4fM4dB4="
    },
    "lodash": {
      "version": "4.17.20",
      "resolved": "https://registry.npmjs.org/lodash/-/lodash-4.17.20.tgz",
      "integrity": "sha512-PlhdFcillOINfeV7Ni6oF1TAEayyZBoZ8bcshTHqOYJYlrqzRK5hagpagky5o4HfCzzd1TRkXPMFq6cKk9rGmA=="
    },
    "mimic-fn": {
      "version": "2.1.0",
      "resolved": "https://registry.npmjs.org/mimic-fn/-/mimic-fn-2.1.0.tgz",
      "integrity": "sha512-OqbOk5oEQeAZ8WXWydlu9HJjz9WVdEIvamMCcXmuqUYjTknH/sqsWvhQ3vgwKFRR1HpjvNBKQ37nbJgYzGqGcg=="
    },
    "ms": {
      "version": "2.0.0",
      "resolved": "https://registry.npmjs.org/ms/-/ms-2.0.0.tgz",
      "integrity": "sha1-VgiurfwAvmwpAd9fmGF4jeDVl8g="
    },
    "mute-stream": {
      "version": "0.0.8",
      "resolved": "https://registry.npmjs.org/mute-stream/-/mute-stream-0.0.8.tgz",
      "integrity": "sha512-nnbWWOkoWyUsTjKrhgD0dcz22mdkSnpYqbEjIm2nhwhuxlSkpywJmBo8h0ZqJdkp73mb90SssHkN4rsRaBAfAA=="
    },
    "nan": {
      "version": "2.14.1",
      "resolved": "https://registry.npmjs.org/nan/-/nan-2.14.1.tgz",
      "integrity": "sha512-isWHgVjnFjh2x2yuJ/tj3JbwoHu3UC2dX5G/88Cm24yB6YopVgxvBObDY7n5xW6ExmFhJpSEQqFPvq9zaXc8Jw=="
    },
    "next-tick": {
      "version": "1.0.0",
      "resolved": "https://registry.npmjs.org/next-tick/-/next-tick-1.0.0.tgz",
      "integrity": "sha1-yobR/ogoFpsBICCOPchCS524NCw="
    },
    "object-component": {
      "version": "0.0.3",
      "resolved": "https://registry.npmjs.org/object-component/-/object-component-0.0.3.tgz",
      "integrity": "sha1-8MaapQ78lbhmwYb0AKM3acsvEpE="
    },
    "onetime": {
      "version": "5.1.2",
      "resolved": "https://registry.npmjs.org/onetime/-/onetime-5.1.2.tgz",
      "integrity": "sha512-kbpaSSGJTWdAY5KPVeMOKXSrPtr8C8C7wodJbcsd51jRnmD+GZu8Y0VoU6Dm5Z4vWr0Ig/1NKuWRKf7j5aaYSg==",
      "requires": {
        "mimic-fn": "^2.1.0"
      }
    },
    "os-tmpdir": {
      "version": "1.0.2",
      "resolved": "https://registry.npmjs.org/os-tmpdir/-/os-tmpdir-1.0.2.tgz",
      "integrity": "sha1-u+Z0BseaqFxc/sdm/lc0VV36EnQ="
    },
    "parseqs": {
      "version": "0.0.5",
      "resolved": "https://registry.npmjs.org/parseqs/-/parseqs-0.0.5.tgz",
      "integrity": "sha1-1SCKNzjkZ2bikbouoXNoSSGouJ0=",
      "requires": {
        "better-assert": "~1.0.0"
      }
    },
    "parseuri": {
      "version": "0.0.5",
      "resolved": "https://registry.npmjs.org/parseuri/-/parseuri-0.0.5.tgz",
      "integrity": "sha1-gCBKUNTbt3m/3G6+J3jZDkvOMgo=",
      "requires": {
        "better-assert": "~1.0.0"
      }
    },
    "restore-cursor": {
      "version": "3.1.0",
      "resolved": "https://registry.npmjs.org/restore-cursor/-/restore-cursor-3.1.0.tgz",
      "integrity": "sha512-l+sSefzHpj5qimhFSE5a8nufZYAM3sBSVMAPtYkmC+4EH2anSGaEMXSD0izRQbu9nfyQ9y5JrVmp7E8oZrUjvA==",
      "requires": {
        "onetime": "^5.1.0",
        "signal-exit": "^3.0.2"
      }
    },
    "run-async": {
      "version": "2.4.1",
      "resolved": "https://registry.npmjs.org/run-async/-/run-async-2.4.1.tgz",
      "integrity": "sha512-tvVnVv01b8c1RrA6Ep7JkStj85Guv/YrMcwqYQnwjsAS2cTmmPGBBjAjpCW7RrSodNSoE2/qg9O4bceNvUuDgQ=="
    },
    "rxjs": {
      "version": "6.6.2",
      "resolved": "https://registry.npmjs.org/rxjs/-/rxjs-6.6.2.tgz",
      "integrity": "sha512-BHdBMVoWC2sL26w//BCu3YzKT4s2jip/WhwsGEDmeKYBhKDZeYezVUnHatYB7L85v5xs0BAQmg6BEYJEKxBabg==",
      "requires": {
        "tslib": "^1.9.0"
      }
    },
    "safer-buffer": {
      "version": "2.1.2",
      "resolved": "https://registry.npmjs.org/safer-buffer/-/safer-buffer-2.1.2.tgz",
      "integrity": "sha512-YZo3K82SD7Riyi0E1EQPojLz7kpepnSQI9IyPbHHg1XXXevb5dJI7tpyN2ADxGcQbHG7vcyRHk0cbwqcQriUtg=="
    },
    "signal-exit": {
      "version": "3.0.3",
      "resolved": "https://registry.npmjs.org/signal-exit/-/signal-exit-3.0.3.tgz",
      "integrity": "sha512-VUJ49FC8U1OxwZLxIbTTrDvLnf/6TDgxZcK8wxR8zs13xpx7xbG60ndBlhNrFi2EMuFRoeDoJO7wthSLq42EjA=="
    },
    "socket.io-client": {
      "version": "2.3.0",
      "resolved": "https://registry.npmjs.org/socket.io-client/-/socket.io-client-2.3.0.tgz",
      "integrity": "sha512-cEQQf24gET3rfhxZ2jJ5xzAOo/xhZwK+mOqtGRg5IowZsMgwvHwnf/mCRapAAkadhM26y+iydgwsXGObBB5ZdA==",
      "requires": {
        "backo2": "1.0.2",
        "base64-arraybuffer": "0.1.5",
        "component-bind": "1.0.0",
        "component-emitter": "1.2.1",
        "debug": "~4.1.0",
        "engine.io-client": "~3.4.0",
        "has-binary2": "~1.0.2",
        "has-cors": "1.1.0",
        "indexof": "0.0.1",
        "object-component": "0.0.3",
        "parseqs": "0.0.5",
        "parseuri": "0.0.5",
        "socket.io-parser": "~3.3.0",
        "to-array": "0.1.4"
      },
      "dependencies": {
        "debug": {
          "version": "4.1.1",
          "resolved": "https://registry.npmjs.org/debug/-/debug-4.1.1.tgz",
          "integrity": "sha512-pYAIzeRo8J6KPEaJ0VWOh5Pzkbw/RetuzehGM7QRRX5he4fPHx2rdKMB256ehJCkX+XRQm16eZLqLNS8RSZXZw==",
          "requires": {
            "ms": "^2.1.1"
          }
        },
        "ms": {
          "version": "2.1.2",
          "resolved": "https://registry.npmjs.org/ms/-/ms-2.1.2.tgz",
          "integrity": "sha512-sGkPx+VjMtmA6MX27oA4FBFELFCZZ4S4XqeGOXCv68tT+jb3vk/RyaKWP0PTKyWtmLSM0b+adUTEvbs1PEaH2w=="
        }
      }
    },
    "socket.io-parser": {
      "version": "3.3.0",
      "resolved": "https://registry.npmjs.org/socket.io-parser/-/socket.io-parser-3.3.0.tgz",
      "integrity": "sha512-hczmV6bDgdaEbVqhAeVMM/jfUfzuEZHsQg6eOmLgJht6G3mPKMxYm75w2+qhAQZ+4X+1+ATZ+QFKeOZD5riHng==",
      "requires": {
        "component-emitter": "1.2.1",
        "debug": "~3.1.0",
        "isarray": "2.0.1"
      }
    },
    "string-width": {
      "version": "4.2.0",
      "resolved": "https://registry.npmjs.org/string-width/-/string-width-4.2.0.tgz",
      "integrity": "sha512-zUz5JD+tgqtuDjMhwIg5uFVV3dtqZ9yQJlZVfq4I01/K5Paj5UHj7VyrQOJvzawSVlKpObApbfD0Ed6yJc+1eg==",
      "requires": {
        "emoji-regex": "^8.0.0",
        "is-fullwidth-code-point": "^3.0.0",
        "strip-ansi": "^6.0.0"
      }
    },
    "strip-ansi": {
      "version": "6.0.0",
      "resolved": "https://registry.npmjs.org/strip-ansi/-/strip-ansi-6.0.0.tgz",
      "integrity": "sha512-AuvKTrTfQNYNIctbR1K/YGTR1756GycPsg7b9bdV9Duqur4gv6aKqHXah67Z8ImS7WEz5QVcOtlfW2rZEugt6w==",
      "requires": {
        "ansi-regex": "^5.0.0"
      }
    },
    "supports-color": {
      "version": "7.1.0",
      "resolved": "https://registry.npmjs.org/supports-color/-/supports-color-7.1.0.tgz",
      "integrity": "sha512-oRSIpR8pxT1Wr2FquTNnGet79b3BWljqOuoW/h4oBhxJ/HUbX5nX6JSruTkvXDCFMwDPvsaTTbvMLKZWSy0R5g==",
      "requires": {
        "has-flag": "^4.0.0"
      }
    },
    "through": {
      "version": "2.3.8",
      "resolved": "https://registry.npmjs.org/through/-/through-2.3.8.tgz",
      "integrity": "sha1-DdTJ/6q8NXlgsbckEV1+Doai4fU="
    },
    "tmp": {
      "version": "0.0.33",
      "resolved": "https://registry.npmjs.org/tmp/-/tmp-0.0.33.tgz",
      "integrity": "sha512-jRCJlojKnZ3addtTOjdIqoRuPEKBvNXcGYqzO6zWZX8KfKEpnGY5jfggJQ3EjKuu8D4bJRr0y+cYJFmYbImXGw==",
      "requires": {
        "os-tmpdir": "~1.0.2"
      }
    },
    "to-array": {
      "version": "0.1.4",
      "resolved": "https://registry.npmjs.org/to-array/-/to-array-0.1.4.tgz",
      "integrity": "sha1-F+bBH3PdTz10zaek/zI46a2b+JA="
    },
    "tslib": {
      "version": "1.13.0",
      "resolved": "https://registry.npmjs.org/tslib/-/tslib-1.13.0.tgz",
      "integrity": "sha512-i/6DQjL8Xf3be4K/E6Wgpekn5Qasl1usyw++dAA35Ue5orEn65VIxOA+YvNNl9HV3qv70T7CNwjODHZrLwvd1Q=="
    },
    "type": {
      "version": "1.2.0",
      "resolved": "https://registry.npmjs.org/type/-/type-1.2.0.tgz",
      "integrity": "sha512-+5nt5AAniqsCnu2cEQQdpzCAh33kVx8n0VoFidKpB1dVVLAN/F+bgVOqOJqOnEnrhp222clB5p3vUlD+1QAnfg=="
    },
    "type-fest": {
      "version": "0.11.0",
      "resolved": "https://registry.npmjs.org/type-fest/-/type-fest-0.11.0.tgz",
      "integrity": "sha512-OdjXJxnCN1AvyLSzeKIgXTXxV+99ZuXl3Hpo9XpJAv9MBcHrrJOQ5kV7ypXOuQie+AmWG25hLbiKdwYTifzcfQ=="
    },
    "typedarray-to-buffer": {
      "version": "3.1.5",
      "resolved": "https://registry.npmjs.org/typedarray-to-buffer/-/typedarray-to-buffer-3.1.5.tgz",
      "integrity": "sha512-zdu8XMNEDepKKR+XYOXAVPtWui0ly0NtohUscw+UmaHiAWT8hrV1rr//H6V+0DvJ3OQ19S979M0laLfX8rm82Q==",
      "requires": {
        "is-typedarray": "^1.0.0"
      }
    },
    "websocket": {
      "version": "1.0.31",
      "resolved": "https://registry.npmjs.org/websocket/-/websocket-1.0.31.tgz",
      "integrity": "sha512-VAouplvGKPiKFDTeCCO65vYHsyay8DqoBSlzIO3fayrfOgU94lQN5a1uWVnFrMLceTJw/+fQXR5PGbUVRaHshQ==",
      "requires": {
        "debug": "^2.2.0",
        "es5-ext": "^0.10.50",
        "nan": "^2.14.0",
        "typedarray-to-buffer": "^3.1.5",
        "yaeti": "^0.0.6"
      },
      "dependencies": {
        "debug": {
          "version": "2.6.9",
          "resolved": "https://registry.npmjs.org/debug/-/debug-2.6.9.tgz",
          "integrity": "sha512-bC7ElrdJaJnPbAP+1EotYvqZsb3ecl5wi6Bfi6BJTUcNowp6cvspg0jXznRTKDjm/E7AdgFBVeAPVMNcKGsHMA==",
          "requires": {
            "ms": "2.0.0"
          }
        }
      }
    },
    "ws": {
      "version": "6.1.4",
      "resolved": "https://registry.npmjs.org/ws/-/ws-6.1.4.tgz",
      "integrity": "sha512-eqZfL+NE/YQc1/ZynhojeV8q+H050oR8AZ2uIev7RU10svA9ZnJUddHcOUZTJLinZ9yEfdA2kSATS2qZK5fhJA==",
      "requires": {
        "async-limiter": "~1.0.0"
      }
    },
    "xmlhttprequest-ssl": {
      "version": "1.5.5",
      "resolved": "https://registry.npmjs.org/xmlhttprequest-ssl/-/xmlhttprequest-ssl-1.5.5.tgz",
      "integrity": "sha1-wodrBhaKrcQOV9l+gRkayPQ5iz4="
    },
    "yaeti": {
      "version": "0.0.6",
      "resolved": "https://registry.npmjs.org/yaeti/-/yaeti-0.0.6.tgz",
      "integrity": "sha1-8m9ITXJoTPQr7ft2lwqhYI+/lXc="
    },
    "yeast": {
      "version": "0.1.2",
      "resolved": "https://registry.npmjs.org/yeast/-/yeast-0.1.2.tgz",
      "integrity": "sha1-AI4G2AlDIMNy28L47XagymyKxBk="
    }
  }
}
