{
  "name": "gartic-robot",
  "version": "1.0.0",
  "lockfileVersion": 1,
  "requires": true,
  "dependencies": {
    "@babel/runtime": {
      "version": "7.11.2",
      "resolved": "https://registry.npmjs.org/@babel/runtime/-/runtime-7.11.2.tgz",
      "integrity": "sha512-TeWkU52so0mPtDcaCTxNBI/IHiz0pZgr8VEFqXFtZWpYD08ZB6FaSwVAS8MKRQAP3bYKiVjwysOJgMFY28o6Tw==",
      "requires": {
        "regenerator-runtime": "^0.13.4"
      }
    },
    "@jimp/bmp": {
      "version": "0.16.0",
      "resolved": "https://registry.npmjs.org/@jimp/bmp/-/bmp-0.16.0.tgz",
      "integrity": "sha512-lc4Ecyys6mRpKHLjFefkS1irCeIBTCpDBjKvNkU/6cIeIMXrFhv290MDT0WCL4UNFjJC/oU2PPraq+M+RkAcpA==",
      "requires": {
        "@babel/runtime": "^7.7.2",
        "@jimp/utils": "^0.16.0",
        "bmp-js": "^0.1.0"
      }
    },
    "@jimp/core": {
      "version": "0.16.0",
      "resolved": "https://registry.npmjs.org/@jimp/core/-/core-0.16.0.tgz",
      "integrity": "sha512-7WBYr3BX84fc9tuA86EDhAKNyT9QLcbVYk4whwvshxKtODPxlF1hmZU6Xmx2shoJ62JJtiWLsPsXAHKfEuERtQ==",
      "requires": {
        "@babel/runtime": "^7.7.2",
        "@jimp/utils": "^0.16.0",
        "any-base": "^1.1.0",
        "buffer": "^5.2.0",
        "exif-parser": "^0.1.12",
        "file-type": "^9.0.0",
        "load-bmfont": "^1.3.1",
        "mkdirp": "^0.5.1",
        "phin": "^2.9.1",
        "pixelmatch": "^4.0.2",
        "tinycolor2": "^1.4.1"
      }
    },
    "@jimp/custom": {
      "version": "0.16.0",
      "resolved": "https://registry.npmjs.org/@jimp/custom/-/custom-0.16.0.tgz",
      "integrity": "sha512-xN9WHeW2RP3gLdXdehCgnzKq8l9ezMsfWpkZP0HYtGqwGDSRXx+LNGR2Da1J/tV0pB+qbt67gAXtaxkJwdQ3cA==",
      "requires": {
        "@babel/runtime": "^7.7.2",
        "@jimp/core": "^0.16.0"
      }
    },
    "@jimp/gif": {
      "version": "0.16.0",
      "resolved": "https://registry.npmjs.org/@jimp/gif/-/gif-0.16.0.tgz",
      "integrity": "sha512-thc3C6/dvGKEVTMxiX82ruRAitIx7EstThqzrd0qk7Yf2O3qbrRZuENl6KNn2PXpmkr6fjcfFLWVM39bP4MG1Q==",
      "requires": {
        "@babel/runtime": "^7.7.2",
        "@jimp/utils": "^0.16.0",
        "gifwrap": "^0.9.2",
        "omggif": "^1.0.9"
      }
    },
    "@jimp/jpeg": {
      "version": "0.16.0",
      "resolved": "https://registry.npmjs.org/@jimp/jpeg/-/jpeg-0.16.0.tgz",
      "integrity": "sha512-pzlv92YZi7ySvIICNkB0eMphLztBcTAMH2kl5lxFMzF1FDv2FR2d/FI1ph6DSzBV8VYFDu4AM1lJRq3hFJurgQ==",
      "requires": {
        "@babel/runtime": "^7.7.2",
        "@jimp/utils": "^0.16.0",
        "jpeg-js": "^0.4.0"
      }
    },
    "@jimp/plugin-blit": {
      "version": "0.16.0",
      "resolved": "https://registry.npmjs.org/@jimp/plugin-blit/-/plugin-blit-0.16.0.tgz",
      "integrity": "sha512-CrakcEvr2ztOwECKpuwmwhXArbtDP2SB44WV0wrFXtuss2mkBbL/hIkUmTnLyJGpwIflj4Vww9m5yIreG5lgUQ==",
      "requires": {
        "@babel/runtime": "^7.7.2",
        "@jimp/utils": "^0.16.0"
      }
    },
    "@jimp/plugin-blur": {
      "version": "0.16.0",
      "resolved": "https://registry.npmjs.org/@jimp/plugin-blur/-/plugin-blur-0.16.0.tgz",
      "integrity": "sha512-CfTrQR4JY+DGtGbdAbdZgbUpjOqtcF+kmGOoa1uh3NF16tn1glbE8/0SA9YkgvHxNTmekwuT7Lu0nRq09MKVJw==",
      "requires": {
        "@babel/runtime": "^7.7.2",
        "@jimp/utils": "^0.16.0"
      }
    },
    "@jimp/plugin-circle": {
      "version": "0.16.0",
      "resolved": "https://registry.npmjs.org/@jimp/plugin-circle/-/plugin-circle-0.16.0.tgz",
      "integrity": "sha512-O79288GKwUIxpHR3qyYg0paH/Iegz+Bdo2ePIvD/M3MigEzVdj5dJ/CQXz2cUnJx87rc0k1N5cTI4floIgv0tg==",
      "requires": {
        "@babel/runtime": "^7.7.2",
        "@jimp/utils": "^0.16.0"
      }
    },
    "@jimp/plugin-color": {
      "version": "0.16.0",
      "resolved": "https://registry.npmjs.org/@jimp/plugin-color/-/plugin-color-0.16.0.tgz",
      "integrity": "sha512-S4CbN1r5+VjUF9OBIyWxWBTXRNutLQqAAOkq7QX//lS4HY76eOAafgWWwZR7ci9WWZT8uyyw4tfd4ePoBvoYhw==",
      "requires": {
        "@babel/runtime": "^7.7.2",
        "@jimp/utils": "^0.16.0",
        "tinycolor2": "^1.4.1"
      }
    },
    "@jimp/plugin-contain": {
      "version": "0.16.0",
      "resolved": "https://registry.npmjs.org/@jimp/plugin-contain/-/plugin-contain-0.16.0.tgz",
      "integrity": "sha512-ZAVe9ad0/TDLSPutIP/8Z+jXXOv638w/FZeA3avTAI5GfWV7ZBT6BB7kDI3iZTl+SHUjv/MlzHCS99WCnpc1hg==",
      "requires": {
        "@babel/runtime": "^7.7.2",
        "@jimp/utils": "^0.16.0"
      }
    },
    "@jimp/plugin-cover": {
      "version": "0.16.0",
      "resolved": "https://registry.npmjs.org/@jimp/plugin-cover/-/plugin-cover-0.16.0.tgz",
      "integrity": "sha512-gJGorvc4HOeSR0dNR29mYLLXtrWvgj8da0B/lUJSb0R2AvUrb+VgLKSfFPyf+nL/jtcm9/CJzYhAPcz13zmRKA==",
      "requires": {
        "@babel/runtime": "^7.7.2",
        "@jimp/utils": "^0.16.0"
      }
    },
    "@jimp/plugin-crop": {
      "version": "0.16.0",
      "resolved": "https://registry.npmjs.org/@jimp/plugin-crop/-/plugin-crop-0.16.0.tgz",
      "integrity": "sha512-I5McmdrNodg0iU815qOsuI8CjkwiRsFRTY4/LBOsLGHZasvxhzFxGcwD3SgnohdIkhRc3tX8jfvKg2pdPbD2AA==",
      "requires": {
        "@babel/runtime": "^7.7.2",
        "@jimp/utils": "^0.16.0"
      }
    },
    "@jimp/plugin-displace": {
      "version": "0.16.0",
      "resolved": "https://registry.npmjs.org/@jimp/plugin-displace/-/plugin-displace-0.16.0.tgz",
      "integrity": "sha512-+c5n5jDiN/neAuAxAAy55Gpycgmyay1PwUy8qKM1fgfBE874mrF5C4u1ThFz4OiDkRirKLpncRmrUMHa9boZtA==",
      "requires": {
        "@babel/runtime": "^7.7.2",
        "@jimp/utils": "^0.16.0"
      }
    },
    "@jimp/plugin-dither": {
      "version": "0.16.0",
      "resolved": "https://registry.npmjs.org/@jimp/plugin-dither/-/plugin-dither-0.16.0.tgz",
      "integrity": "sha512-rsLHSGnpWniQXoughYXRCbK/8KKXi+avV5z5mHIKzAKS4areXW03XlLqmy9o26q2h0g/YV5Hkxo9jwIw0v2Fpg==",
      "requires": {
        "@babel/runtime": "^7.7.2",
        "@jimp/utils": "^0.16.0"
      }
    },
    "@jimp/plugin-fisheye": {
      "version": "0.16.0",
      "resolved": "https://registry.npmjs.org/@jimp/plugin-fisheye/-/plugin-fisheye-0.16.0.tgz",
      "integrity": "sha512-P6KsHQHUOWyDprxKl4chPTwKIJNbXB7LGDQH6Bq/q8zZ9XwYXGnTmkHA/BwGKI6HGCj/+R2WoP3Cnhwm6XaIpg==",
      "requires": {
        "@babel/runtime": "^7.7.2",
        "@jimp/utils": "^0.16.0"
      }
    },
    "@jimp/plugin-flip": {
      "version": "0.16.0",
      "resolved": "https://registry.npmjs.org/@jimp/plugin-flip/-/plugin-flip-0.16.0.tgz",
      "integrity": "sha512-5MlqM1RJohk0NU0Z3ZtviI0DqHXDB0OuRk3dimUIquePz1OocFCt9Z4bBbDRIczGZFOrDrCrpHMfMxPjwm7eXw==",
      "requires": {
        "@babel/runtime": "^7.7.2",
        "@jimp/utils": "^0.16.0"
      }
    },
    "@jimp/plugin-gaussian": {
      "version": "0.16.0",
      "resolved": "https://registry.npmjs.org/@jimp/plugin-gaussian/-/plugin-gaussian-0.16.0.tgz",
      "integrity": "sha512-oP2Hg4gR4uq9id1gF+SfTvPrzqZc3fVY+t6gwxPXPgpnb9S5UVuSQbwtixY1EEBC9XRdX2XFko9eUul8dTnUpQ==",
      "requires": {
        "@babel/runtime": "^7.7.2",
        "@jimp/utils": "^0.16.0"
      }
    },
    "@jimp/plugin-invert": {
      "version": "0.16.0",
      "resolved": "https://registry.npmjs.org/@jimp/plugin-invert/-/plugin-invert-0.16.0.tgz",
      "integrity": "sha512-RFsES55G7po6rv35A/3jz7IA1BOr8krX4H0zmtKUprcrhFl+El9iZojVCpJQRJ5QKQVS3iXi5H6EGN7AT1HykQ==",
      "requires": {
        "@babel/runtime": "^7.7.2",
        "@jimp/utils": "^0.16.0"
      }
    },
    "@jimp/plugin-mask": {
      "version": "0.16.0",
      "resolved": "https://registry.npmjs.org/@jimp/plugin-mask/-/plugin-mask-0.16.0.tgz",
      "integrity": "sha512-inJweZgTNYZQdF0m5f/or5/LCLhpz4ccSDsK9HveuFQ82ITfJcvFaUlvlo11pHRl2r+Q92Er7B5g7icMIzXHZw==",
      "requires": {
        "@babel/runtime": "^7.7.2",
        "@jimp/utils": "^0.16.0"
      }
    },
    "@jimp/plugin-normalize": {
      "version": "0.16.0",
      "resolved": "https://registry.npmjs.org/@jimp/plugin-normalize/-/plugin-normalize-0.16.0.tgz",
      "integrity": "sha512-sfqhHDGks0ccqIaTCG/dFJ772eGi8bewxIvrQkeLw5TizzPZ3S+C4GXKwlkX2z5dyQr30cHM5Mv6+XhNNLEHWw==",
      "requires": {
        "@babel/runtime": "^7.7.2",
        "@jimp/utils": "^0.16.0"
      }
    },
    "@jimp/plugin-print": {
      "version": "0.16.0",
      "resolved": "https://registry.npmjs.org/@jimp/plugin-print/-/plugin-print-0.16.0.tgz",
      "integrity": "sha512-tQJfSOTf+las/PJpdUK9Aw9EdComQ50zl29TgMrAULuae1lh+e/A188ZhNQzTCpAAc/PEku8xoke+rYUU1AVig==",
      "requires": {
        "@babel/runtime": "^7.7.2",
        "@jimp/utils": "^0.16.0",
        "load-bmfont": "^1.4.0"
      }
    },
    "@jimp/plugin-resize": {
      "version": "0.16.0",
      "resolved": "https://registry.npmjs.org/@jimp/plugin-resize/-/plugin-resize-0.16.0.tgz",
      "integrity": "sha512-aI5H1Xe1fE1phBBI0EgQiVgMEXJ7cy2CXH+H7WSxnrdZJTnt9emzc4LnvKEOPBY6dCPw3P7k/BHp9SDTpUKSOQ==",
      "requires": {
        "@babel/runtime": "^7.7.2",
        "@jimp/utils": "^0.16.0"
      }
    },
    "@jimp/plugin-rotate": {
      "version": "0.16.0",
      "resolved": "https://registry.npmjs.org/@jimp/plugin-rotate/-/plugin-rotate-0.16.0.tgz",
      "integrity": "sha512-YTKo4LntC2h46H6+De+3ctt8MacC+fTbIdw527BBBIKF44aWYn0uAQlAO+R+Aemnq4YqNnCnrZzPtWYZXA6nNw==",
      "requires": {
        "@babel/runtime": "^7.7.2",
        "@jimp/utils": "^0.16.0"
      }
    },
    "@jimp/plugin-scale": {
      "version": "0.16.0",
      "resolved": "https://registry.npmjs.org/@jimp/plugin-scale/-/plugin-scale-0.16.0.tgz",
      "integrity": "sha512-AfDnTIjBzGdvJ1K7MkUexgkGGAYDzpNzkYoCpfaRNKl/txoivaA6iKfvCiE7i1IDXq5mRCLkjQjMF43l8kwv5g==",
      "requires": {
        "@babel/runtime": "^7.7.2",
        "@jimp/utils": "^0.16.0"
      }
    },
    "@jimp/plugin-shadow": {
      "version": "0.16.0",
      "resolved": "https://registry.npmjs.org/@jimp/plugin-shadow/-/plugin-shadow-0.16.0.tgz",
      "integrity": "sha512-8O1CKwvSnrrAIuAM3BEDTwt4U5oRVB5pXxnRegYXDuFFLDPIp2N4ILQqC2NaN+PBaVvj1JuLYuxmNzja0uRQKQ==",
      "requires": {
        "@babel/runtime": "^7.7.2",
        "@jimp/utils": "^0.16.0"
      }
    },
    "@jimp/plugin-threshold": {
      "version": "0.16.0",
      "resolved": "https://registry.npmjs.org/@jimp/plugin-threshold/-/plugin-threshold-0.16.0.tgz",
      "integrity": "sha512-PNrB6IIF7kDGu7A/cyNAy3pchWtXbJGdpowkW6hcEzXOR+FwBRMuo5LS+q/eedo86qQ2F1vw5dm/nWYJxNxvkg==",
      "requires": {
        "@babel/runtime": "^7.7.2",
        "@jimp/utils": "^0.16.0"
      }
    },
    "@jimp/plugins": {
      "version": "0.16.0",
      "resolved": "https://registry.npmjs.org/@jimp/plugins/-/plugins-0.16.0.tgz",
      "integrity": "sha512-aiyn/9MrSqVJwsnBmkbHD4DWTowULdP4NEes8Vt738KxZMw1UawKbEbj3/CzHIeEIQKjDECTi+jNd5HIbDq9LQ==",
      "requires": {
        "@babel/runtime": "^7.7.2",
        "@jimp/plugin-blit": "^0.16.0",
        "@jimp/plugin-blur": "^0.16.0",
        "@jimp/plugin-circle": "^0.16.0",
        "@jimp/plugin-color": "^0.16.0",
        "@jimp/plugin-contain": "^0.16.0",
        "@jimp/plugin-cover": "^0.16.0",
        "@jimp/plugin-crop": "^0.16.0",
        "@jimp/plugin-displace": "^0.16.0",
        "@jimp/plugin-dither": "^0.16.0",
        "@jimp/plugin-fisheye": "^0.16.0",
        "@jimp/plugin-flip": "^0.16.0",
        "@jimp/plugin-gaussian": "^0.16.0",
        "@jimp/plugin-invert": "^0.16.0",
        "@jimp/plugin-mask": "^0.16.0",
        "@jimp/plugin-normalize": "^0.16.0",
        "@jimp/plugin-print": "^0.16.0",
        "@jimp/plugin-resize": "^0.16.0",
        "@jimp/plugin-rotate": "^0.16.0",
        "@jimp/plugin-scale": "^0.16.0",
        "@jimp/plugin-shadow": "^0.16.0",
        "@jimp/plugin-threshold": "^0.16.0",
        "timm": "^1.6.1"
      }
    },
    "@jimp/png": {
      "version": "0.16.0",
      "resolved": "https://registry.npmjs.org/@jimp/png/-/png-0.16.0.tgz",
      "integrity": "sha512-3uDwCeZRaHTq6Jqjav37n73IGL4vrDkoHLzkC+dAGcSdaKnUnRxD/sO4CBTK1cHttJhsf5Xk/+0dO+qaqIEvNA==",
      "requires": {
        "@babel/runtime": "^7.7.2",
        "@jimp/utils": "^0.16.0",
        "pngjs": "^3.3.3"
      }
    },
    "@jimp/tiff": {
      "version": "0.16.0",
      "resolved": "https://registry.npmjs.org/@jimp/tiff/-/tiff-0.16.0.tgz",
      "integrity": "sha512-wiGgIKGtUwR7vUi+PHv7qzEKhlnqT/k78qtOgsF6PiGhXGevJWBIniD4LksbQaW+Ph1Jwl3ovvYEdS89Db46Bw==",
      "requires": {
        "@babel/runtime": "^7.7.2",
        "utif": "^2.0.1"
      }
    },
    "@jimp/types": {
      "version": "0.16.0",
      "resolved": "https://registry.npmjs.org/@jimp/types/-/types-0.16.0.tgz",
      "integrity": "sha512-T0VBF1HFXZ+Ez48zQ0sxrOpcFbfSzCulaVONWeEi/CqcNv2B7UmiaA81bw9uLGZ40VIOrFYHB20ma0m1asYBvw==",
      "requires": {
        "@babel/runtime": "^7.7.2",
        "@jimp/bmp": "^0.16.0",
        "@jimp/gif": "^0.16.0",
        "@jimp/jpeg": "^0.16.0",
        "@jimp/png": "^0.16.0",
        "@jimp/tiff": "^0.16.0",
        "timm": "^1.6.1"
      }
    },
    "@jimp/utils": {
      "version": "0.16.0",
      "resolved": "https://registry.npmjs.org/@jimp/utils/-/utils-0.16.0.tgz",
      "integrity": "sha512-dZJd5Rq4yOjPtqN/bArNy0v03nnaiHCf/Qct2wdiqK0k4wsfDL2Lle9XmswNcPPFuoL/LNnYY2E5ruAnatF/4A==",
      "requires": {
        "@babel/runtime": "^7.7.2",
        "regenerator-runtime": "^0.13.3"
      }
    },
    "@types/color-name": {
      "version": "1.1.1",
      "resolved": "https://registry.npmjs.org/@types/color-name/-/color-name-1.1.1.tgz",
      "integrity": "sha512-rr+OQyAjxze7GgWrSaJwydHStIhHq2lvY3BOC2Mj7KnzI7XK0Uw1TOOdI9lDoajEbSWLiYgoo4f1R51erQfhPQ=="
    },
    "after": {
      "version": "0.8.2",
      "resolved": "https://registry.npmjs.org/after/-/after-0.8.2.tgz",
      "integrity": "sha1-/ts5T58OAqqXaOcCvaI7UF+ufh8="
    },
    "ansi-escapes": {
      "version": "4.3.1",
      "resolved": "https://registry.npmjs.org/ansi-escapes/-/ansi-escapes-4.3.1.tgz",
      "integrity": "sha512-JWF7ocqNrp8u9oqpgV+wH5ftbt+cfvv+PTjOvKLT3AdYly/LmORARfEVT1iyjwN+4MqE5UmVKoAdIBqeoCHgLA==",
      "requires": {
        "type-fest": "^0.11.0"
      }
    },
    "ansi-regex": {
      "version": "5.0.0",
      "resolved": "https://registry.npmjs.org/ansi-regex/-/ansi-regex-5.0.0.tgz",
      "integrity": "sha512-bY6fj56OUQ0hU1KjFNDQuJFezqKdrAyFdIevADiqrWHwSlbmBNMHp5ak2f40Pm8JTFyM2mqxkG6ngkHO11f/lg=="
    },
    "ansi-styles": {
      "version": "4.2.1",
      "resolved": "https://registry.npmjs.org/ansi-styles/-/ansi-styles-4.2.1.tgz",
      "integrity": "sha512-9VGjrMsG1vePxcSweQsN20KY/c4zN0h9fLjqAbwbPfahM3t+NL+M9HC8xeXG2I8pX5NoamTGNuomEUFI7fcUjA==",
      "requires": {
        "@types/color-name": "^1.1.1",
        "color-convert": "^2.0.1"
      }
    },
    "any-base": {
      "version": "1.1.0",
      "resolved": "https://registry.npmjs.org/any-base/-/any-base-1.1.0.tgz",
      "integrity": "sha512-uMgjozySS8adZZYePpaWs8cxB9/kdzmpX6SgJZ+wbz1K5eYk5QMYDVJaZKhxyIHUdnnJkfR7SVgStgH7LkGUyg=="
    },
    "arraybuffer.slice": {
      "version": "0.0.7",
      "resolved": "https://registry.npmjs.org/arraybuffer.slice/-/arraybuffer.slice-0.0.7.tgz",
      "integrity": "sha512-wGUIVQXuehL5TCqQun8OW81jGzAWycqzFF8lFp+GOM5BXLYj3bKNsYC4daB7n6XjCqxQA/qgTJ+8ANR3acjrog=="
    },
    "async-limiter": {
      "version": "1.0.1",
      "resolved": "https://registry.npmjs.org/async-limiter/-/async-limiter-1.0.1.tgz",
      "integrity": "sha512-csOlWGAcRFJaI6m+F2WKdnMKr4HhdhFVBk0H/QbJFMCr+uO2kwohwXQPxw/9OCxp05r5ghVBFSyioixx3gfkNQ=="
    },
    "axios": {
      "version": "0.20.0",
      "resolved": "https://registry.npmjs.org/axios/-/axios-0.20.0.tgz",
      "integrity": "sha512-ANA4rr2BDcmmAQLOKft2fufrtuvlqR+cXNNinUmvfeSNCOF98PZL+7M/v1zIdGo7OLjEA9J2gXJL+j4zGsl0bA==",
      "requires": {
        "follow-redirects": "^1.10.0"
      }
    },
    "backo2": {
      "version": "1.0.2",
      "resolved": "https://registry.npmjs.org/backo2/-/backo2-1.0.2.tgz",
      "integrity": "sha1-MasayLEpNjRj41s+u2n038+6eUc="
    },
    "base64-arraybuffer": {
      "version": "0.1.5",
      "resolved": "https://registry.npmjs.org/base64-arraybuffer/-/base64-arraybuffer-0.1.5.tgz",
      "integrity": "sha1-c5JncZI7Whl0etZmqlzUv5xunOg="
    },
    "base64-js": {
      "version": "1.3.1",
      "resolved": "https://registry.npmjs.org/base64-js/-/base64-js-1.3.1.tgz",
      "integrity": "sha512-mLQ4i2QO1ytvGWFWmcngKO//JXAQueZvwEKtjgQFM4jIK0kU+ytMfplL8j+n5mspOfjHwoAg+9yhb7BwAHm36g=="
    },
    "better-assert": {
      "version": "1.0.2",
      "resolved": "https://registry.npmjs.org/better-assert/-/better-assert-1.0.2.tgz",
      "integrity": "sha1-QIZrnhueC1W0gYlDEeaPr/rrxSI=",
      "requires": {
        "callsite": "1.0.0"
      }
    },
    "blob": {
      "version": "0.0.5",
      "resolved": "https://registry.npmjs.org/blob/-/blob-0.0.5.tgz",
      "integrity": "sha512-gaqbzQPqOoamawKg0LGVd7SzLgXS+JH61oWprSLH+P+abTczqJbhTR8CmJ2u9/bUYNmHTGJx/UEmn6doAvvuig=="
    },
    "bmp-js": {
      "version": "0.1.0",
      "resolved": "https://registry.npmjs.org/bmp-js/-/bmp-js-0.1.0.tgz",
      "integrity": "sha1-4Fpj95amwf8l9Hcex62twUjAcjM="
    },
    "buffer": {
      "version": "5.6.0",
      "resolved": "https://registry.npmjs.org/buffer/-/buffer-5.6.0.tgz",
      "integrity": "sha512-/gDYp/UtU0eA1ys8bOs9J6a+E/KWIY+DZ+Q2WESNUA0jFRsJOc0SNUO6xJ5SGA1xueg3NL65W6s+NY5l9cunuw==",
      "requires": {
        "base64-js": "^1.0.2",
        "ieee754": "^1.1.4"
      }
    },
    "buffer-equal": {
      "version": "0.0.1",
      "resolved": "https://registry.npmjs.org/buffer-equal/-/buffer-equal-0.0.1.tgz",
      "integrity": "sha1-kbx0sR6kBbyRa8aqkI+q+ltKrEs="
    },
    "callsite": {
      "version": "1.0.0",
      "resolved": "https://registry.npmjs.org/callsite/-/callsite-1.0.0.tgz",
      "integrity": "sha1-KAOY5dZkvXQDi28JBRU+borxvCA="
    },
    "chalk": {
      "version": "4.1.0",
      "resolved": "https://registry.npmjs.org/chalk/-/chalk-4.1.0.tgz",
      "integrity": "sha512-qwx12AxXe2Q5xQ43Ac//I6v5aXTipYrSESdOgzrN+9XjgEpyjpKuvSGaN4qE93f7TQTlerQQ8S+EQ0EyDoVL1A==",
      "requires": {
        "ansi-styles": "^4.1.0",
        "supports-color": "^7.1.0"
      }
    },
    "chardet": {
      "version": "0.7.0",
      "resolved": "https://registry.npmjs.org/chardet/-/chardet-0.7.0.tgz",
      "integrity": "sha512-mT8iDcrh03qDGRRmoA2hmBJnxpllMR+0/0qlzjqZES6NdiWDcZkCNAk4rPFZ9Q85r27unkiNNg8ZOiwZXBHwcA=="
    },
    "cli-cursor": {
      "version": "3.1.0",
      "resolved": "https://registry.npmjs.org/cli-cursor/-/cli-cursor-3.1.0.tgz",
      "integrity": "sha512-I/zHAwsKf9FqGoXM4WWRACob9+SNukZTd94DWF57E4toouRulbCxcUh6RKUEOQlYTHJnzkPMySvPNaaSLNfLZw==",
      "requires": {
        "restore-cursor": "^3.1.0"
      }
    },
    "cli-width": {
      "version": "3.0.0",
      "resolved": "https://registry.npmjs.org/cli-width/-/cli-width-3.0.0.tgz",
      "integrity": "sha512-FxqpkPPwu1HjuN93Omfm4h8uIanXofW0RxVEW3k5RKx+mJJYSthzNhp32Kzxxy3YAEZ/Dc/EWN1vZRY0+kOhbw=="
    },
    "color-convert": {
      "version": "2.0.1",
      "resolved": "https://registry.npmjs.org/color-convert/-/color-convert-2.0.1.tgz",
      "integrity": "sha512-RRECPsj7iu/xb5oKYcsFHSppFNnsj/52OVTRKb4zP5onXwVF3zVmmToNcOfGC+CRDpfK/U584fMg38ZHCaElKQ==",
      "requires": {
        "color-name": "~1.1.4"
      }
    },
    "color-name": {
      "version": "1.1.4",
      "resolved": "https://registry.npmjs.org/color-name/-/color-name-1.1.4.tgz",
      "integrity": "sha512-dOy+3AuW3a2wNbZHIuMZpTcgjGuLU/uBL/ubcZF9OXbDo8ff4O8yVp5Bf0efS8uEoYo5q4Fx7dY9OgQGXgAsQA=="
    },
    "component-bind": {
      "version": "1.0.0",
      "resolved": "https://registry.npmjs.org/component-bind/-/component-bind-1.0.0.tgz",
      "integrity": "sha1-AMYIq33Nk4l8AAllGx06jh5zu9E="
    },
    "component-emitter": {
      "version": "1.2.1",
      "resolved": "https://registry.npmjs.org/component-emitter/-/component-emitter-1.2.1.tgz",
      "integrity": "sha1-E3kY1teCg/ffemt8WmPhQOaUJeY="
    },
    "component-inherit": {
      "version": "0.0.3",
      "resolved": "https://registry.npmjs.org/component-inherit/-/component-inherit-0.0.3.tgz",
      "integrity": "sha1-ZF/ErfWLcrZJ1crmUTVhnbJv8UM="
    },
    "debug": {
      "version": "4.1.1",
      "resolved": "https://registry.npmjs.org/debug/-/debug-4.1.1.tgz",
      "integrity": "sha512-pYAIzeRo8J6KPEaJ0VWOh5Pzkbw/RetuzehGM7QRRX5he4fPHx2rdKMB256ehJCkX+XRQm16eZLqLNS8RSZXZw==",
      "requires": {
        "ms": "^2.1.1"
      }
    },
    "dom-walk": {
      "version": "0.1.2",
      "resolved": "https://registry.npmjs.org/dom-walk/-/dom-walk-0.1.2.tgz",
      "integrity": "sha512-6QvTW9mrGeIegrFXdtQi9pk7O/nSK6lSdXW2eqUspN5LWD7UTji2Fqw5V2YLjBpHEoU9Xl/eUWNpDeZvoyOv2w=="
    },
    "emoji-regex": {
      "version": "8.0.0",
      "resolved": "https://registry.npmjs.org/emoji-regex/-/emoji-regex-8.0.0.tgz",
      "integrity": "sha512-MSjYzcWNOA0ewAHpz0MxpYFvwg6yjy1NG3xteoqz644VCo/RPgnr1/GGt+ic3iJTzQ8Eu3TdM14SawnVUmGE6A=="
    },
    "engine.io-client": {
      "version": "3.4.3",
      "resolved": "https://registry.npmjs.org/engine.io-client/-/engine.io-client-3.4.3.tgz",
      "integrity": "sha512-0NGY+9hioejTEJCaSJZfWZLk4FPI9dN+1H1C4+wj2iuFba47UgZbJzfWs4aNFajnX/qAaYKbe2lLTfEEWzCmcw==",
      "requires": {
        "component-emitter": "~1.3.0",
        "component-inherit": "0.0.3",
        "debug": "~4.1.0",
        "engine.io-parser": "~2.2.0",
        "has-cors": "1.1.0",
        "indexof": "0.0.1",
        "parseqs": "0.0.5",
        "parseuri": "0.0.5",
        "ws": "~6.1.0",
        "xmlhttprequest-ssl": "~1.5.4",
        "yeast": "0.1.2"
      },
      "dependencies": {
        "component-emitter": {
          "version": "1.3.0",
          "resolved": "https://registry.npmjs.org/component-emitter/-/component-emitter-1.3.0.tgz",
          "integrity": "sha512-Rd3se6QB+sO1TwqZjscQrurpEPIfO0/yYnSin6Q/rD3mOutHvUrCAhJub3r90uNb+SESBuE0QYoB90YdfatsRg=="
        }
      }
    },
    "engine.io-parser": {
      "version": "2.2.0",
      "resolved": "https://registry.npmjs.org/engine.io-parser/-/engine.io-parser-2.2.0.tgz",
      "integrity": "sha512-6I3qD9iUxotsC5HEMuuGsKA0cXerGz+4uGcXQEkfBidgKf0amsjrrtwcbwK/nzpZBxclXlV7gGl9dgWvu4LF6w==",
      "requires": {
        "after": "0.8.2",
        "arraybuffer.slice": "~0.0.7",
        "base64-arraybuffer": "0.1.5",
        "blob": "0.0.5",
        "has-binary2": "~1.0.2"
      }
    },
    "escape-string-regexp": {
      "version": "1.0.5",
      "resolved": "https://registry.npmjs.org/escape-string-regexp/-/escape-string-regexp-1.0.5.tgz",
      "integrity": "sha1-G2HAViGQqN/2rjuyzwIAyhMLhtQ="
    },
    "exif-parser": {
      "version": "0.1.12",
      "resolved": "https://registry.npmjs.org/exif-parser/-/exif-parser-0.1.12.tgz",
      "integrity": "sha1-WKnS1ywCwfbwKg70qRZicrd2CSI="
    },
    "external-editor": {
      "version": "3.1.0",
      "resolved": "https://registry.npmjs.org/external-editor/-/external-editor-3.1.0.tgz",
      "integrity": "sha512-hMQ4CX1p1izmuLYyZqLMO/qGNw10wSv9QDCPfzXfyFrOaCSSoRfqE1Kf1s5an66J5JZC62NewG+mK49jOCtQew==",
      "requires": {
        "chardet": "^0.7.0",
        "iconv-lite": "^0.4.24",
        "tmp": "^0.0.33"
      }
    },
    "figures": {
      "version": "3.2.0",
      "resolved": "https://registry.npmjs.org/figures/-/figures-3.2.0.tgz",
      "integrity": "sha512-yaduQFRKLXYOGgEn6AZau90j3ggSOyiqXU0F9JZfeXYhNa+Jk4X+s45A2zg5jns87GAFa34BBm2kXw4XpNcbdg==",
      "requires": {
        "escape-string-regexp": "^1.0.5"
      }
    },
    "file-type": {
      "version": "9.0.0",
      "resolved": "https://registry.npmjs.org/file-type/-/file-type-9.0.0.tgz",
      "integrity": "sha512-Qe/5NJrgIOlwijpq3B7BEpzPFcgzggOTagZmkXQY4LA6bsXKTUstK7Wp12lEJ/mLKTpvIZxmIuRcLYWT6ov9lw=="
    },
    "follow-redirects": {
      "version": "1.13.0",
      "resolved": "https://registry.npmjs.org/follow-redirects/-/follow-redirects-1.13.0.tgz",
      "integrity": "sha512-aq6gF1BEKje4a9i9+5jimNFIpq4Q1WiwBToeRK5NvZBd/TRsmW8BsJfOEGkr76TbOyPVD3OVDN910EcUNtRYEA=="
    },
    "gifwrap": {
      "version": "0.9.2",
      "resolved": "https://registry.npmjs.org/gifwrap/-/gifwrap-0.9.2.tgz",
      "integrity": "sha512-fcIswrPaiCDAyO8xnWvHSZdWChjKXUanKKpAiWWJ/UTkEi/aYKn5+90e7DE820zbEaVR9CE2y4z9bzhQijZ0BA==",
      "requires": {
        "image-q": "^1.1.1",
        "omggif": "^1.0.10"
      }
    },
    "global": {
      "version": "4.3.2",
      "resolved": "https://registry.npmjs.org/global/-/global-4.3.2.tgz",
      "integrity": "sha1-52mJJopsdMOJCLEwWxD8DjlOnQ8=",
      "requires": {
        "min-document": "^2.19.0",
        "process": "~0.5.1"
      }
    },
    "has-binary2": {
      "version": "1.0.3",
      "resolved": "https://registry.npmjs.org/has-binary2/-/has-binary2-1.0.3.tgz",
      "integrity": "sha512-G1LWKhDSvhGeAQ8mPVQlqNcOB2sJdwATtZKl2pDKKHfpf/rYj24lkinxf69blJbnsvtqqNU+L3SL50vzZhXOnw==",
      "requires": {
        "isarray": "2.0.1"
      }
    },
    "has-cors": {
      "version": "1.1.0",
      "resolved": "https://registry.npmjs.org/has-cors/-/has-cors-1.1.0.tgz",
      "integrity": "sha1-XkdHk/fqmEPRu5nCPu9J/xJv/zk="
    },
    "has-flag": {
      "version": "4.0.0",
      "resolved": "https://registry.npmjs.org/has-flag/-/has-flag-4.0.0.tgz",
      "integrity": "sha512-EykJT/Q1KjTWctppgIAgfSO0tKVuZUjhgMr17kqTumMl6Afv3EISleU7qZUzoXDFTAHTDC4NOoG/ZxU3EvlMPQ=="
    },
    "iconv-lite": {
      "version": "0.4.24",
      "resolved": "https://registry.npmjs.org/iconv-lite/-/iconv-lite-0.4.24.tgz",
      "integrity": "sha512-v3MXnZAcvnywkTUEZomIActle7RXXeedOR31wwl7VlyoXO4Qi9arvSenNQWne1TcRwhCL1HwLI21bEqdpj8/rA==",
      "requires": {
        "safer-buffer": ">= 2.1.2 < 3"
      }
    },
    "ieee754": {
      "version": "1.1.13",
      "resolved": "https://registry.npmjs.org/ieee754/-/ieee754-1.1.13.tgz",
      "integrity": "sha512-4vf7I2LYV/HaWerSo3XmlMkp5eZ83i+/CDluXi/IGTs/O1sejBNhTtnxzmRZfvOUqj7lZjqHkeTvpgSFDlWZTg=="
    },
    "image-q": {
      "version": "1.1.1",
      "resolved": "https://registry.npmjs.org/image-q/-/image-q-1.1.1.tgz",
      "integrity": "sha1-/IQJlmRGC5DKhi2TALa/u7+/gFY="
    },
    "indexof": {
      "version": "0.0.1",
      "resolved": "https://registry.npmjs.org/indexof/-/indexof-0.0.1.tgz",
      "integrity": "sha1-gtwzbSMrkGIXnQWrMpOmYFn9Q10="
    },
    "inquirer": {
      "version": "7.3.3",
      "resolved": "https://registry.npmjs.org/inquirer/-/inquirer-7.3.3.tgz",
      "integrity": "sha512-JG3eIAj5V9CwcGvuOmoo6LB9kbAYT8HXffUl6memuszlwDC/qvFAJw49XJ5NROSFNPxp3iQg1GqkFhaY/CR0IA==",
      "requires": {
        "ansi-escapes": "^4.2.1",
        "chalk": "^4.1.0",
        "cli-cursor": "^3.1.0",
        "cli-width": "^3.0.0",
        "external-editor": "^3.0.3",
        "figures": "^3.0.0",
        "lodash": "^4.17.19",
        "mute-stream": "0.0.8",
        "run-async": "^2.4.0",
        "rxjs": "^6.6.0",
        "string-width": "^4.1.0",
        "strip-ansi": "^6.0.0",
        "through": "^2.3.6"
      }
    },
    "is-fullwidth-code-point": {
      "version": "3.0.0",
      "resolved": "https://registry.npmjs.org/is-fullwidth-code-point/-/is-fullwidth-code-point-3.0.0.tgz",
      "integrity": "sha512-zymm5+u+sCsSWyD9qNaejV3DFvhCKclKdizYaJUuHA83RLjb7nSuGnddCHGv0hk+KY7BMAlsWeK4Ueg6EV6XQg=="
    },
    "is-function": {
      "version": "1.0.2",
      "resolved": "https://registry.npmjs.org/is-function/-/is-function-1.0.2.tgz",
      "integrity": "sha512-lw7DUp0aWXYg+CBCN+JKkcE0Q2RayZnSvnZBlwgxHBQhqt5pZNVy4Ri7H9GmmXkdu7LUthszM+Tor1u/2iBcpQ=="
    },
    "isarray": {
      "version": "2.0.1",
      "resolved": "https://registry.npmjs.org/isarray/-/isarray-2.0.1.tgz",
      "integrity": "sha1-o32U7ZzaLVmGXJ92/llu4fM4dB4="
    },
    "jimp": {
      "version": "0.16.0",
      "resolved": "https://registry.npmjs.org/jimp/-/jimp-0.16.0.tgz",
      "integrity": "sha512-WRfGlXB6/0xY3mSoskfVhWVNSegVZCgmvunJDc41QthTWi5oRG2FeL7eOcX0zz/Z+dYRu6Q0ibO2yltC+EIptA==",
      "requires": {
        "@babel/runtime": "^7.7.2",
        "@jimp/custom": "^0.16.0",
        "@jimp/plugins": "^0.16.0",
        "@jimp/types": "^0.16.0",
        "regenerator-runtime": "^0.13.3"
      }
    },
    "jpeg-js": {
      "version": "0.4.2",
      "resolved": "https://registry.npmjs.org/jpeg-js/-/jpeg-js-0.4.2.tgz",
      "integrity": "sha512-+az2gi/hvex7eLTMTlbRLOhH6P6WFdk2ITI8HJsaH2VqYO0I594zXSYEP+tf4FW+8Cy68ScDXoAsQdyQanv3sw=="
    },
    "load-bmfont": {
      "version": "1.4.1",
      "resolved": "https://registry.npmjs.org/load-bmfont/-/load-bmfont-1.4.1.tgz",
      "integrity": "sha512-8UyQoYmdRDy81Brz6aLAUhfZLwr5zV0L3taTQ4hju7m6biuwiWiJXjPhBJxbUQJA8PrkvJ/7Enqmwk2sM14soA==",
      "requires": {
        "buffer-equal": "0.0.1",
        "mime": "^1.3.4",
        "parse-bmfont-ascii": "^1.0.3",
        "parse-bmfont-binary": "^1.0.5",
        "parse-bmfont-xml": "^1.1.4",
        "phin": "^2.9.1",
        "xhr": "^2.0.1",
        "xtend": "^4.0.0"
      }
    },
    "lodash": {
      "version": "4.17.20",
      "resolved": "https://registry.npmjs.org/lodash/-/lodash-4.17.20.tgz",
      "integrity": "sha512-PlhdFcillOINfeV7Ni6oF1TAEayyZBoZ8bcshTHqOYJYlrqzRK5hagpagky5o4HfCzzd1TRkXPMFq6cKk9rGmA=="
    },
    "mime": {
      "version": "1.6.0",
      "resolved": "https://registry.npmjs.org/mime/-/mime-1.6.0.tgz",
      "integrity": "sha512-x0Vn8spI+wuJ1O6S7gnbaQg8Pxh4NNHb7KSINmEWKiPE4RKOplvijn+NkmYmmRgP68mc70j2EbeTFRsrswaQeg=="
    },
    "mimic-fn": {
      "version": "2.1.0",
      "resolved": "https://registry.npmjs.org/mimic-fn/-/mimic-fn-2.1.0.tgz",
      "integrity": "sha512-OqbOk5oEQeAZ8WXWydlu9HJjz9WVdEIvamMCcXmuqUYjTknH/sqsWvhQ3vgwKFRR1HpjvNBKQ37nbJgYzGqGcg=="
    },
    "min-document": {
      "version": "2.19.0",
      "resolved": "https://registry.npmjs.org/min-document/-/min-document-2.19.0.tgz",
      "integrity": "sha1-e9KC4/WELtKVu3SM3Z8f+iyCRoU=",
      "requires": {
        "dom-walk": "^0.1.0"
      }
    },
    "minimist": {
      "version": "1.2.5",
      "resolved": "https://registry.npmjs.org/minimist/-/minimist-1.2.5.tgz",
      "integrity": "sha512-FM9nNUYrRBAELZQT3xeZQ7fmMOBg6nWNmJKTcgsJeaLstP/UODVpGsr5OhXhhXg6f+qtJ8uiZ+PUxkDWcgIXLw=="
    },
    "mkdirp": {
      "version": "0.5.5",
      "resolved": "https://registry.npmjs.org/mkdirp/-/mkdirp-0.5.5.tgz",
      "integrity": "sha512-NKmAlESf6jMGym1++R0Ra7wvhV+wFW63FaSOFPwRahvea0gMUcGUhVeAg/0BC0wiv9ih5NYPB1Wn1UEI1/L+xQ==",
      "requires": {
        "minimist": "^1.2.5"
      }
    },
    "ms": {
      "version": "2.1.2",
      "resolved": "https://registry.npmjs.org/ms/-/ms-2.1.2.tgz",
      "integrity": "sha512-sGkPx+VjMtmA6MX27oA4FBFELFCZZ4S4XqeGOXCv68tT+jb3vk/RyaKWP0PTKyWtmLSM0b+adUTEvbs1PEaH2w=="
    },
    "mute-stream": {
      "version": "0.0.8",
      "resolved": "https://registry.npmjs.org/mute-stream/-/mute-stream-0.0.8.tgz",
      "integrity": "sha512-nnbWWOkoWyUsTjKrhgD0dcz22mdkSnpYqbEjIm2nhwhuxlSkpywJmBo8h0ZqJdkp73mb90SssHkN4rsRaBAfAA=="
    },
    "object-component": {
      "version": "0.0.3",
      "resolved": "https://registry.npmjs.org/object-component/-/object-component-0.0.3.tgz",
      "integrity": "sha1-8MaapQ78lbhmwYb0AKM3acsvEpE="
    },
    "omggif": {
      "version": "1.0.10",
      "resolved": "https://registry.npmjs.org/omggif/-/omggif-1.0.10.tgz",
      "integrity": "sha512-LMJTtvgc/nugXj0Vcrrs68Mn2D1r0zf630VNtqtpI1FEO7e+O9FP4gqs9AcnBaSEeoHIPm28u6qgPR0oyEpGSw=="
    },
    "onetime": {
      "version": "5.1.2",
      "resolved": "https://registry.npmjs.org/onetime/-/onetime-5.1.2.tgz",
      "integrity": "sha512-kbpaSSGJTWdAY5KPVeMOKXSrPtr8C8C7wodJbcsd51jRnmD+GZu8Y0VoU6Dm5Z4vWr0Ig/1NKuWRKf7j5aaYSg==",
      "requires": {
        "mimic-fn": "^2.1.0"
      }
    },
    "os-tmpdir": {
      "version": "1.0.2",
      "resolved": "https://registry.npmjs.org/os-tmpdir/-/os-tmpdir-1.0.2.tgz",
      "integrity": "sha1-u+Z0BseaqFxc/sdm/lc0VV36EnQ="
    },
    "pako": {
      "version": "1.0.11",
      "resolved": "https://registry.npmjs.org/pako/-/pako-1.0.11.tgz",
      "integrity": "sha512-4hLB8Py4zZce5s4yd9XzopqwVv/yGNhV1Bl8NTmCq1763HeK2+EwVTv+leGeL13Dnh2wfbqowVPXCIO0z4taYw=="
    },
    "parse-bmfont-ascii": {
      "version": "1.0.6",
      "resolved": "https://registry.npmjs.org/parse-bmfont-ascii/-/parse-bmfont-ascii-1.0.6.tgz",
      "integrity": "sha1-Eaw8P/WPfCAgqyJ2kHkQjU36AoU="
    },
    "parse-bmfont-binary": {
      "version": "1.0.6",
      "resolved": "https://registry.npmjs.org/parse-bmfont-binary/-/parse-bmfont-binary-1.0.6.tgz",
      "integrity": "sha1-0Di0dtPp3Z2x4RoLDlOiJ5K2kAY="
    },
    "parse-bmfont-xml": {
      "version": "1.1.4",
      "resolved": "https://registry.npmjs.org/parse-bmfont-xml/-/parse-bmfont-xml-1.1.4.tgz",
      "integrity": "sha512-bjnliEOmGv3y1aMEfREMBJ9tfL3WR0i0CKPj61DnSLaoxWR3nLrsQrEbCId/8rF4NyRF0cCqisSVXyQYWM+mCQ==",
      "requires": {
        "xml-parse-from-string": "^1.0.0",
        "xml2js": "^0.4.5"
      }
    },
    "parse-headers": {
      "version": "2.0.3",
      "resolved": "https://registry.npmjs.org/parse-headers/-/parse-headers-2.0.3.tgz",
      "integrity": "sha512-QhhZ+DCCit2Coi2vmAKbq5RGTRcQUOE2+REgv8vdyu7MnYx2eZztegqtTx99TZ86GTIwqiy3+4nQTWZ2tgmdCA=="
    },
    "parseqs": {
      "version": "0.0.5",
      "resolved": "https://registry.npmjs.org/parseqs/-/parseqs-0.0.5.tgz",
      "integrity": "sha1-1SCKNzjkZ2bikbouoXNoSSGouJ0=",
      "requires": {
        "better-assert": "~1.0.0"
      }
    },
    "parseuri": {
      "version": "0.0.5",
      "resolved": "https://registry.npmjs.org/parseuri/-/parseuri-0.0.5.tgz",
      "integrity": "sha1-gCBKUNTbt3m/3G6+J3jZDkvOMgo=",
      "requires": {
        "better-assert": "~1.0.0"
      }
    },
    "phin": {
      "version": "2.9.3",
      "resolved": "https://registry.npmjs.org/phin/-/phin-2.9.3.tgz",
      "integrity": "sha512-CzFr90qM24ju5f88quFC/6qohjC144rehe5n6DH900lgXmUe86+xCKc10ev56gRKC4/BkHUoG4uSiQgBiIXwDA=="
    },
    "pixelmatch": {
      "version": "4.0.2",
      "resolved": "https://registry.npmjs.org/pixelmatch/-/pixelmatch-4.0.2.tgz",
      "integrity": "sha1-j0fc7FARtHe2fbA8JDvB8wheiFQ=",
      "requires": {
        "pngjs": "^3.0.0"
      }
    },
    "pngjs": {
      "version": "3.4.0",
      "resolved": "https://registry.npmjs.org/pngjs/-/pngjs-3.4.0.tgz",
      "integrity": "sha512-NCrCHhWmnQklfH4MtJMRjZ2a8c80qXeMlQMv2uVp9ISJMTt562SbGd6n2oq0PaPgKm7Z6pL9E2UlLIhC+SHL3w=="
    },
    "process": {
      "version": "0.5.2",
      "resolved": "https://registry.npmjs.org/process/-/process-0.5.2.tgz",
      "integrity": "sha1-FjjYqONML0QKkduVq5rrZ3/Bhc8="
    },
    "regenerator-runtime": {
      "version": "0.13.7",
      "resolved": "https://registry.npmjs.org/regenerator-runtime/-/regenerator-runtime-0.13.7.tgz",
      "integrity": "sha512-a54FxoJDIr27pgf7IgeQGxmqUNYrcV338lf/6gH456HZ/PhX+5BcwHXG9ajESmwe6WRO0tAzRUrRmNONWgkrew=="
    },
    "restore-cursor": {
      "version": "3.1.0",
      "resolved": "https://registry.npmjs.org/restore-cursor/-/restore-cursor-3.1.0.tgz",
      "integrity": "sha512-l+sSefzHpj5qimhFSE5a8nufZYAM3sBSVMAPtYkmC+4EH2anSGaEMXSD0izRQbu9nfyQ9y5JrVmp7E8oZrUjvA==",
      "requires": {
        "onetime": "^5.1.0",
        "signal-exit": "^3.0.2"
      }
    },
    "run-async": {
      "version": "2.4.1",
      "resolved": "https://registry.npmjs.org/run-async/-/run-async-2.4.1.tgz",
      "integrity": "sha512-tvVnVv01b8c1RrA6Ep7JkStj85Guv/YrMcwqYQnwjsAS2cTmmPGBBjAjpCW7RrSodNSoE2/qg9O4bceNvUuDgQ=="
    },
    "rxjs": {
      "version": "6.6.2",
      "resolved": "https://registry.npmjs.org/rxjs/-/rxjs-6.6.2.tgz",
      "integrity": "sha512-BHdBMVoWC2sL26w//BCu3YzKT4s2jip/WhwsGEDmeKYBhKDZeYezVUnHatYB7L85v5xs0BAQmg6BEYJEKxBabg==",
      "requires": {
        "tslib": "^1.9.0"
      }
    },
    "safer-buffer": {
      "version": "2.1.2",
      "resolved": "https://registry.npmjs.org/safer-buffer/-/safer-buffer-2.1.2.tgz",
      "integrity": "sha512-YZo3K82SD7Riyi0E1EQPojLz7kpepnSQI9IyPbHHg1XXXevb5dJI7tpyN2ADxGcQbHG7vcyRHk0cbwqcQriUtg=="
    },
    "sax": {
      "version": "1.2.4",
      "resolved": "https://registry.npmjs.org/sax/-/sax-1.2.4.tgz",
      "integrity": "sha512-NqVDv9TpANUjFm0N8uM5GxL36UgKi9/atZw+x7YFnQ8ckwFGKrl4xX4yWtrey3UJm5nP1kUbnYgLopqWNSRhWw=="
    },
    "signal-exit": {
      "version": "3.0.3",
      "resolved": "https://registry.npmjs.org/signal-exit/-/signal-exit-3.0.3.tgz",
      "integrity": "sha512-VUJ49FC8U1OxwZLxIbTTrDvLnf/6TDgxZcK8wxR8zs13xpx7xbG60ndBlhNrFi2EMuFRoeDoJO7wthSLq42EjA=="
    },
    "socket.io-client": {
      "version": "2.3.0",
      "resolved": "https://registry.npmjs.org/socket.io-client/-/socket.io-client-2.3.0.tgz",
      "integrity": "sha512-cEQQf24gET3rfhxZ2jJ5xzAOo/xhZwK+mOqtGRg5IowZsMgwvHwnf/mCRapAAkadhM26y+iydgwsXGObBB5ZdA==",
      "requires": {
        "backo2": "1.0.2",
        "base64-arraybuffer": "0.1.5",
        "component-bind": "1.0.0",
        "component-emitter": "1.2.1",
        "debug": "~4.1.0",
        "engine.io-client": "~3.4.0",
        "has-binary2": "~1.0.2",
        "has-cors": "1.1.0",
        "indexof": "0.0.1",
        "object-component": "0.0.3",
        "parseqs": "0.0.5",
        "parseuri": "0.0.5",
        "socket.io-parser": "~3.3.0",
        "to-array": "0.1.4"
      }
    },
    "socket.io-parser": {
      "version": "3.3.0",
      "resolved": "https://registry.npmjs.org/socket.io-parser/-/socket.io-parser-3.3.0.tgz",
      "integrity": "sha512-hczmV6bDgdaEbVqhAeVMM/jfUfzuEZHsQg6eOmLgJht6G3mPKMxYm75w2+qhAQZ+4X+1+ATZ+QFKeOZD5riHng==",
      "requires": {
        "component-emitter": "1.2.1",
        "debug": "~3.1.0",
        "isarray": "2.0.1"
      },
      "dependencies": {
        "debug": {
          "version": "3.1.0",
          "resolved": "https://registry.npmjs.org/debug/-/debug-3.1.0.tgz",
          "integrity": "sha512-OX8XqP7/1a9cqkxYw2yXss15f26NKWBpDXQd0/uK/KPqdQhxbPa994hnzjcE2VqQpDslf55723cKPUOGSmMY3g==",
          "requires": {
            "ms": "2.0.0"
          }
        },
        "ms": {
          "version": "2.0.0",
          "resolved": "https://registry.npmjs.org/ms/-/ms-2.0.0.tgz",
          "integrity": "sha1-VgiurfwAvmwpAd9fmGF4jeDVl8g="
        }
      }
    },
    "string-width": {
      "version": "4.2.0",
      "resolved": "https://registry.npmjs.org/string-width/-/string-width-4.2.0.tgz",
      "integrity": "sha512-zUz5JD+tgqtuDjMhwIg5uFVV3dtqZ9yQJlZVfq4I01/K5Paj5UHj7VyrQOJvzawSVlKpObApbfD0Ed6yJc+1eg==",
      "requires": {
        "emoji-regex": "^8.0.0",
        "is-fullwidth-code-point": "^3.0.0",
        "strip-ansi": "^6.0.0"
      }
    },
    "strip-ansi": {
      "version": "6.0.0",
      "resolved": "https://registry.npmjs.org/strip-ansi/-/strip-ansi-6.0.0.tgz",
      "integrity": "sha512-AuvKTrTfQNYNIctbR1K/YGTR1756GycPsg7b9bdV9Duqur4gv6aKqHXah67Z8ImS7WEz5QVcOtlfW2rZEugt6w==",
      "requires": {
        "ansi-regex": "^5.0.0"
      }
    },
    "supports-color": {
      "version": "7.1.0",
      "resolved": "https://registry.npmjs.org/supports-color/-/supports-color-7.1.0.tgz",
      "integrity": "sha512-oRSIpR8pxT1Wr2FquTNnGet79b3BWljqOuoW/h4oBhxJ/HUbX5nX6JSruTkvXDCFMwDPvsaTTbvMLKZWSy0R5g==",
      "requires": {
        "has-flag": "^4.0.0"
      }
    },
    "through": {
      "version": "2.3.8",
      "resolved": "https://registry.npmjs.org/through/-/through-2.3.8.tgz",
      "integrity": "sha1-DdTJ/6q8NXlgsbckEV1+Doai4fU="
    },
    "timm": {
      "version": "1.6.2",
      "resolved": "https://registry.npmjs.org/timm/-/timm-1.6.2.tgz",
      "integrity": "sha512-IH3DYDL1wMUwmIlVmMrmesw5lZD6N+ZOAFWEyLrtpoL9Bcrs9u7M/vyOnHzDD2SMs4irLkVjqxZbHrXStS/Nmw=="
    },
    "tinycolor2": {
      "version": "1.4.1",
      "resolved": "https://registry.npmjs.org/tinycolor2/-/tinycolor2-1.4.1.tgz",
      "integrity": "sha1-9PrTM0R7wLB9TcjpIJ2POaisd+g="
    },
    "tmp": {
      "version": "0.0.33",
      "resolved": "https://registry.npmjs.org/tmp/-/tmp-0.0.33.tgz",
      "integrity": "sha512-jRCJlojKnZ3addtTOjdIqoRuPEKBvNXcGYqzO6zWZX8KfKEpnGY5jfggJQ3EjKuu8D4bJRr0y+cYJFmYbImXGw==",
      "requires": {
        "os-tmpdir": "~1.0.2"
      }
    },
    "to-array": {
      "version": "0.1.4",
      "resolved": "https://registry.npmjs.org/to-array/-/to-array-0.1.4.tgz",
      "integrity": "sha1-F+bBH3PdTz10zaek/zI46a2b+JA="
    },
    "tslib": {
      "version": "1.13.0",
      "resolved": "https://registry.npmjs.org/tslib/-/tslib-1.13.0.tgz",
      "integrity": "sha512-i/6DQjL8Xf3be4K/E6Wgpekn5Qasl1usyw++dAA35Ue5orEn65VIxOA+YvNNl9HV3qv70T7CNwjODHZrLwvd1Q=="
    },
    "type-fest": {
      "version": "0.11.0",
      "resolved": "https://registry.npmjs.org/type-fest/-/type-fest-0.11.0.tgz",
      "integrity": "sha512-OdjXJxnCN1AvyLSzeKIgXTXxV+99ZuXl3Hpo9XpJAv9MBcHrrJOQ5kV7ypXOuQie+AmWG25hLbiKdwYTifzcfQ=="
    },
    "utif": {
      "version": "2.0.1",
      "resolved": "https://registry.npmjs.org/utif/-/utif-2.0.1.tgz",
      "integrity": "sha512-Z/S1fNKCicQTf375lIP9G8Sa1H/phcysstNrrSdZKj1f9g58J4NMgb5IgiEZN9/nLMPDwF0W7hdOe9Qq2IYoLg==",
      "requires": {
        "pako": "^1.0.5"
      }
    },
    "ws": {
      "version": "6.1.4",
      "resolved": "https://registry.npmjs.org/ws/-/ws-6.1.4.tgz",
      "integrity": "sha512-eqZfL+NE/YQc1/ZynhojeV8q+H050oR8AZ2uIev7RU10svA9ZnJUddHcOUZTJLinZ9yEfdA2kSATS2qZK5fhJA==",
      "requires": {
        "async-limiter": "~1.0.0"
      }
    },
    "xhr": {
      "version": "2.5.0",
      "resolved": "https://registry.npmjs.org/xhr/-/xhr-2.5.0.tgz",
      "integrity": "sha512-4nlO/14t3BNUZRXIXfXe+3N6w3s1KoxcJUUURctd64BLRe67E4gRwp4PjywtDY72fXpZ1y6Ch0VZQRY/gMPzzQ==",
      "requires": {
        "global": "~4.3.0",
        "is-function": "^1.0.1",
        "parse-headers": "^2.0.0",
        "xtend": "^4.0.0"
      }
    },
    "xml-parse-from-string": {
      "version": "1.0.1",
      "resolved": "https://registry.npmjs.org/xml-parse-from-string/-/xml-parse-from-string-1.0.1.tgz",
      "integrity": "sha1-qQKekp09vN7RafPG4oI42VpdWig="
    },
    "xml2js": {
      "version": "0.4.23",
      "resolved": "https://registry.npmjs.org/xml2js/-/xml2js-0.4.23.tgz",
      "integrity": "sha512-ySPiMjM0+pLDftHgXY4By0uswI3SPKLDw/i3UXbnO8M/p28zqexCUoPmQFrYD+/1BzhGJSs2i1ERWKJAtiLrug==",
      "requires": {
        "sax": ">=0.6.0",
        "xmlbuilder": "~11.0.0"
      }
    },
    "xmlbuilder": {
      "version": "11.0.1",
      "resolved": "https://registry.npmjs.org/xmlbuilder/-/xmlbuilder-11.0.1.tgz",
      "integrity": "sha512-fDlsI/kFEx7gLvbecc0/ohLG50fugQp8ryHzMTuW9vSa1GJ0XYWKnhsUx7oie3G98+r56aTQIUB4kht42R3JvA=="
    },
    "xmlhttprequest-ssl": {
      "version": "1.5.5",
      "resolved": "https://registry.npmjs.org/xmlhttprequest-ssl/-/xmlhttprequest-ssl-1.5.5.tgz",
      "integrity": "sha1-wodrBhaKrcQOV9l+gRkayPQ5iz4="
    },
    "xtend": {
      "version": "4.0.2",
      "resolved": "https://registry.npmjs.org/xtend/-/xtend-4.0.2.tgz",
      "integrity": "sha512-LKYU1iAXJXUgAXn9URjiu+MWhyUXHsvfp7mcuYm9dSUKK0/CjtrUwFAxD82/mCWbtLsGjFIad0wIsod4zrTAEQ=="
    },
    "yeast": {
      "version": "0.1.2",
      "resolved": "https://registry.npmjs.org/yeast/-/yeast-0.1.2.tgz",
      "integrity": "sha1-AI4G2AlDIMNy28L47XagymyKxBk="
    }
  }
}
